
Microsoft Visual Studio Solution File, Format Version 12.00
# Visual Studio Version 17
VisualStudioVersion = 17.12.35514.174
MinimumVisualStudioVersion = 10.0.40219.1
Project("{FAE04EC0-301F-11D3-BF4B-00C04F79EFBC}") = "WebApp", "WebApp\WebApp.csproj", "{A8D991F2-FF30-42FD-96F2-7C7EE5F943A5}"
EndProject
Project("{FAE04EC0-301F-11D3-BF4B-00C04F79EFBC}") = "Business", "Business\Business.csproj", "{EFE78420-2B4F-436D-88E9-F04D27E6B7D9}"
EndProject
Project("{FAE04EC0-301F-11D3-BF4B-00C04F79EFBC}") = "Data", "Data\Data.csproj", "{39B4F688-A706-40AA-BA27-341AA380788B}"
EndProject
Project("{FAE04EC0-301F-11D3-BF4B-00C04F79EFBC}") = "Domain", "Domain\Domain.csproj", "{6BFC9CEE-939D-4B7A-9C89-94A1AF0E4356}"
EndProject
Global
	GlobalSection(SolutionConfigurationPlatforms) = preSolution
		Debug|Any CPU = Debug|Any CPU
		Release|Any CPU = Release|Any CPU
	EndGlobalSection
	GlobalSection(ProjectConfigurationPlatforms) = postSolution
		{A8D991F2-FF30-42FD-96F2-7C7EE5F943A5}.Debug|Any CPU.ActiveCfg = Debug|Any CPU
		{A8D991F2-FF30-42FD-96F2-7C7EE5F943A5}.Debug|Any CPU.Build.0 = Debug|Any CPU
		{A8D991F2-FF30-42FD-96F2-7C7EE5F943A5}.Release|Any CPU.ActiveCfg = Release|Any CPU
		{A8D991F2-FF30-42FD-96F2-7C7EE5F943A5}.Release|Any CPU.Build.0 = Release|Any CPU
		{EFE78420-2B4F-436D-88E9-F04D27E6B7D9}.Debug|Any CPU.ActiveCfg = Debug|Any CPU
		{EFE78420-2B4F-436D-88E9-F04D27E6B7D9}.Debug|Any CPU.Build.0 = Debug|Any CPU
		{EFE78420-2B4F-436D-88E9-F04D27E6B7D9}.Release|Any CPU.ActiveCfg = Release|Any CPU
		{EFE78420-2B4F-436D-88E9-F04D27E6B7D9}.Release|Any CPU.Build.0 = Release|Any CPU
		{39B4F688-A706-40AA-BA27-341AA380788B}.Debug|Any CPU.ActiveCfg = Debug|Any CPU
		{39B4F688-A706-40AA-BA27-341AA380788B}.Debug|Any CPU.Build.0 = Debug|Any CPU
		{39B4F688-A706-40AA-BA27-341AA380788B}.Release|Any CPU.ActiveCfg = Release|Any CPU
		{39B4F688-A706-40AA-BA27-341AA380788B}.Release|Any CPU.Build.0 = Release|Any CPU
		{6BFC9CEE-939D-4B7A-9C89-94A1AF0E4356}.Debug|Any CPU.ActiveCfg = Debug|Any CPU
		{6BFC9CEE-939D-4B7A-9C89-94A1AF0E4356}.Debug|Any CPU.Build.0 = Debug|Any CPU
		{6BFC9CEE-939D-4B7A-9C89-94A1AF0E4356}.Release|Any CPU.ActiveCfg = Release|Any CPU
		{6BFC9CEE-939D-4B7A-9C89-94A1AF0E4356}.Release|Any CPU.Build.0 = Release|Any CPU
	EndGlobalSection
	GlobalSection(SolutionProperties) = preSolution
		HideSolutionNode = FALSE
	EndGlobalSection
EndGlobal
