
Microsoft Visual Studio Solution File, Format Version 12.00
# Visual Studio Version 17
VisualStudioVersion = 17.12.35514.174
MinimumVisualStudioVersion = 10.0.40219.1
Project("{FAE04EC0-301F-11D3-BF4B-00C04F79EFBC}") = "WebApp", "WebApp\WebApp.csproj", "{A8D991F2-FF30-42FD-96F2-7C7EE5F943A5}"
EndProject
Project("{FAE04EC0-301F-11D3-BF4B-00C04F79EFBC}") = "Business", "Business\Business.csproj", "{EFE78420-2B4F-436D-88E9-F04D27E6B7D9}"
EndProject
Project("{FAE04EC0-301F-11D3-BF4B-00C04F79EFBC}") = "Data", "Data\Data.csproj", "{39B4F688-A706-40AA-BA27-341AA380788B}"
EndProject
Project("{FAE04EC0-301F-11D3-BF4B-00C04F79EFBC}") = "Shared", "Shared\Shared.csproj", "{CEE72DF6-8AE3-49A2-B95D-3ED39A01787D}"
EndProject
Project("{FAE04EC0-301F-11D3-BF4B-00C04F79EFBC}") = "Domain", "Domain\Domain.csproj", "{F4699178-95FE-480F-89AC-B70B481A1A31}"
EndProject
Global
	GlobalSection(SolutionConfigurationPlatforms) = preSolution
		Debug|Any CPU = Debug|Any CPU
		Release|Any CPU = Release|Any CPU
	EndGlobalSection
	GlobalSection(ProjectConfigurationPlatforms) = postSolution
		{A8D991F2-FF30-42FD-96F2-7C7EE5F943A5}.Debug|Any CPU.ActiveCfg = Debug|Any CPU
		{A8D991F2-FF30-42FD-96F2-7C7EE5F943A5}.Debug|Any CPU.Build.0 = Debug|Any CPU
		{A8D991F2-FF30-42FD-96F2-7C7EE5F943A5}.Release|Any CPU.ActiveCfg = Release|Any CPU
		{A8D991F2-FF30-42FD-96F2-7C7EE5F943A5}.Release|Any CPU.Build.0 = Release|Any CPU
		{EFE78420-2B4F-436D-88E9-F04D27E6B7D9}.Debug|Any CPU.ActiveCfg = Debug|Any CPU
		{EFE78420-2B4F-436D-88E9-F04D27E6B7D9}.Debug|Any CPU.Build.0 = Debug|Any CPU
		{EFE78420-2B4F-436D-88E9-F04D27E6B7D9}.Release|Any CPU.ActiveCfg = Release|Any CPU
		{EFE78420-2B4F-436D-88E9-F04D27E6B7D9}.Release|Any CPU.Build.0 = Release|Any CPU
		{39B4F688-A706-40AA-BA27-341AA380788B}.Debug|Any CPU.ActiveCfg = Debug|Any CPU
		{39B4F688-A706-40AA-BA27-341AA380788B}.Debug|Any CPU.Build.0 = Debug|Any CPU
		{39B4F688-A706-40AA-BA27-341AA380788B}.Release|Any CPU.ActiveCfg = Release|Any CPU
		{39B4F688-A706-40AA-BA27-341AA380788B}.Release|Any CPU.Build.0 = Release|Any CPU
		{CEE72DF6-8AE3-49A2-B95D-3ED39A01787D}.Debug|Any CPU.ActiveCfg = Debug|Any CPU
		{CEE72DF6-8AE3-49A2-B95D-3ED39A01787D}.Debug|Any CPU.Build.0 = Debug|Any CPU
		{CEE72DF6-8AE3-49A2-B95D-3ED39A01787D}.Release|Any CPU.ActiveCfg = Release|Any CPU
		{CEE72DF6-8AE3-49A2-B95D-3ED39A01787D}.Release|Any CPU.Build.0 = Release|Any CPU
		{F4699178-95FE-480F-89AC-B70B481A1A31}.Debug|Any CPU.ActiveCfg = Debug|Any CPU
		{F4699178-95FE-480F-89AC-B70B481A1A31}.Debug|Any CPU.Build.0 = Debug|Any CPU
		{F4699178-95FE-480F-89AC-B70B481A1A31}.Release|Any CPU.ActiveCfg = Release|Any CPU
		{F4699178-95FE-480F-89AC-B70B481A1A31}.Release|Any CPU.Build.0 = Release|Any CPU
	EndGlobalSection
	GlobalSection(SolutionProperties) = preSolution
		HideSolutionNode = FALSE
	EndGlobalSection
EndGlobal
